
Microsoft Visual Studio Solution File, Format Version 12.00
# Visual Studio Version 17
VisualStudioVersion = 17.14.36109.1 d17.14
MinimumVisualStudioVersion = 10.0.40219.1
Project("{FAE04EC0-301F-11D3-BF4B-00C04F79EFBC}") = "WebApplication1", "WebApplication1\WebApplication1.csproj", "{7A2C5913-2C95-432C-9797-F63596348023}"
EndProject
Global
	GlobalSection(SolutionConfigurationPlatforms) = preSolution
		Debug|Any CPU = Debug|Any CPU
		Release|Any CPU = Release|Any CPU
	EndGlobalSection
	GlobalSection(ProjectConfigurationPlatforms) = postSolution
		{7A2C5913-2C95-432C-9797-F63596348023}.Debug|Any CPU.ActiveCfg = Debug|Any CPU
		{7A2C5913-2C95-432C-9797-F63596348023}.Debug|Any CPU.Build.0 = Debug|Any CPU
		{7A2C5913-2C95-432C-9797-F63596348023}.Release|Any CPU.ActiveCfg = Release|Any CPU
		{7A2C5913-2C95-432C-9797-F63596348023}.Release|Any CPU.Build.0 = Release|Any CPU
	EndGlobalSection
	GlobalSection(SolutionProperties) = preSolution
		HideSolutionNode = FALSE
	EndGlobalSection
	GlobalSection(ExtensibilityGlobals) = postSolution
		SolutionGuid = {8B75ADCF-0C31-4896-9A25-30DF47ECA529}
	EndGlobalSection
EndGlobal
